
Microsoft Visual Studio Solution File, Format Version 12.00
# Visual Studio Version 16
VisualStudioVersion = 16.0.30320.27
MinimumVisualStudioVersion = 10.0.40219.1
Project("{D954291E-2A0B-460D-934E-DC6B0785DB48}") = "UnoAppExtensionRepro.Shared", "UnoAppExtensionRepro\UnoAppExtensionRepro.Shared\UnoAppExtensionRepro.Shared.shproj", "{6279C845-92F8-4333-AB99-3D213163593C}"
EndProject
Project("{FAE04EC0-301F-11D3-BF4B-00C04F79EFBC}") = "UnoAppExtensionRepro.Droid", "UnoAppExtensionRepro\UnoAppExtensionRepro.Droid\UnoAppExtensionRepro.Droid.csproj", "{D7C07765-A81D-4798-A65A-7F22AA71CAED}"
EndProject
Project("{FAE04EC0-301F-11D3-BF4B-00C04F79EFBC}") = "UnoAppExtensionRepro.iOS", "UnoAppExtensionRepro\UnoAppExtensionRepro.iOS\UnoAppExtensionRepro.iOS.csproj", "{E52C3DB5-598B-499E-821D-7869FBCFE12E}"
EndProject
Project("{FAE04EC0-301F-11D3-BF4B-00C04F79EFBC}") = "UnoAppExtensionRepro.UWP", "UnoAppExtensionRepro\UnoAppExtensionRepro.UWP\UnoAppExtensionRepro.UWP.csproj", "{EC5CFB44-F43E-427C-A15E-2F1C3C9ADF44}"
EndProject
Project("{FAE04EC0-301F-11D3-BF4B-00C04F79EFBC}") = "UnoAppExtensionRepro.Wasm", "UnoAppExtensionRepro\UnoAppExtensionRepro.Wasm\UnoAppExtensionRepro.Wasm.csproj", "{35FF8AB6-B45D-45AD-A827-B8BF786B18CC}"
EndProject
Project("{FAE04EC0-301F-11D3-BF4B-00C04F79EFBC}") = "UnoAppExtensionRepro.macOS", "UnoAppExtensionRepro\UnoAppExtensionRepro.macOS\UnoAppExtensionRepro.macOS.csproj", "{817E3E5C-9531-40DD-BD85-635B9C4A611A}"
EndProject
Global
	GlobalSection(SharedMSBuildProjectFiles) = preSolution
		UnoAppExtensionRepro\UnoAppExtensionRepro.Shared\UnoAppExtensionRepro.Shared.projitems*{35ff8ab6-b45d-45ad-a827-b8bf786b18cc}*SharedItemsImports = 5
		UnoAppExtensionRepro\UnoAppExtensionRepro.Shared\UnoAppExtensionRepro.Shared.projitems*{6279c845-92f8-4333-ab99-3d213163593c}*SharedItemsImports = 13
		UnoAppExtensionRepro\UnoAppExtensionRepro.Shared\UnoAppExtensionRepro.Shared.projitems*{817e3e5c-9531-40dd-bd85-635b9c4a611a}*SharedItemsImports = 4
		UnoAppExtensionRepro\UnoAppExtensionRepro.Shared\UnoAppExtensionRepro.Shared.projitems*{d7c07765-a81d-4798-a65a-7f22aa71caed}*SharedItemsImports = 4
		UnoAppExtensionRepro\UnoAppExtensionRepro.Shared\UnoAppExtensionRepro.Shared.projitems*{e52c3db5-598b-499e-821d-7869fbcfe12e}*SharedItemsImports = 4
		UnoAppExtensionRepro\UnoAppExtensionRepro.Shared\UnoAppExtensionRepro.Shared.projitems*{ec5cfb44-f43e-427c-a15e-2f1c3c9adf44}*SharedItemsImports = 4
	EndGlobalSection
	GlobalSection(SolutionConfigurationPlatforms) = preSolution
		Ad-Hoc|Any CPU = Ad-Hoc|Any CPU
		Ad-Hoc|ARM = Ad-Hoc|ARM
		Ad-Hoc|ARM64 = Ad-Hoc|ARM64
		Ad-Hoc|iPhone = Ad-Hoc|iPhone
		Ad-Hoc|iPhoneSimulator = Ad-Hoc|iPhoneSimulator
		Ad-Hoc|x64 = Ad-Hoc|x64
		Ad-Hoc|x86 = Ad-Hoc|x86
		AppStore|Any CPU = AppStore|Any CPU
		AppStore|ARM = AppStore|ARM
		AppStore|ARM64 = AppStore|ARM64
		AppStore|iPhone = AppStore|iPhone
		AppStore|iPhoneSimulator = AppStore|iPhoneSimulator
		AppStore|x64 = AppStore|x64
		AppStore|x86 = AppStore|x86
		Debug|Any CPU = Debug|Any CPU
		Debug|ARM = Debug|ARM
		Debug|ARM64 = Debug|ARM64
		Debug|iPhone = Debug|iPhone
		Debug|iPhoneSimulator = Debug|iPhoneSimulator
		Debug|x64 = Debug|x64
		Debug|x86 = Debug|x86
		Release|Any CPU = Release|Any CPU
		Release|ARM = Release|ARM
		Release|ARM64 = Release|ARM64
		Release|iPhone = Release|iPhone
		Release|iPhoneSimulator = Release|iPhoneSimulator
		Release|x64 = Release|x64
		Release|x86 = Release|x86
	EndGlobalSection
	GlobalSection(ProjectConfigurationPlatforms) = postSolution
		{D7C07765-A81D-4798-A65A-7F22AA71CAED}.Ad-Hoc|Any CPU.ActiveCfg = Release|Any CPU
		{D7C07765-A81D-4798-A65A-7F22AA71CAED}.Ad-Hoc|Any CPU.Build.0 = Release|Any CPU
		{D7C07765-A81D-4798-A65A-7F22AA71CAED}.Ad-Hoc|Any CPU.Deploy.0 = Release|Any CPU
		{D7C07765-A81D-4798-A65A-7F22AA71CAED}.Ad-Hoc|ARM.ActiveCfg = Release|Any CPU
		{D7C07765-A81D-4798-A65A-7F22AA71CAED}.Ad-Hoc|ARM.Build.0 = Release|Any CPU
		{D7C07765-A81D-4798-A65A-7F22AA71CAED}.Ad-Hoc|ARM.Deploy.0 = Release|Any CPU
		{D7C07765-A81D-4798-A65A-7F22AA71CAED}.Ad-Hoc|ARM64.ActiveCfg = Release|Any CPU
		{D7C07765-A81D-4798-A65A-7F22AA71CAED}.Ad-Hoc|ARM64.Build.0 = Release|Any CPU
		{D7C07765-A81D-4798-A65A-7F22AA71CAED}.Ad-Hoc|ARM64.Deploy.0 = Release|Any CPU
		{D7C07765-A81D-4798-A65A-7F22AA71CAED}.Ad-Hoc|iPhone.ActiveCfg = Release|Any CPU
		{D7C07765-A81D-4798-A65A-7F22AA71CAED}.Ad-Hoc|iPhone.Build.0 = Release|Any CPU
		{D7C07765-A81D-4798-A65A-7F22AA71CAED}.Ad-Hoc|iPhone.Deploy.0 = Release|Any CPU
		{D7C07765-A81D-4798-A65A-7F22AA71CAED}.Ad-Hoc|iPhoneSimulator.ActiveCfg = Release|Any CPU
		{D7C07765-A81D-4798-A65A-7F22AA71CAED}.Ad-Hoc|iPhoneSimulator.Build.0 = Release|Any CPU
		{D7C07765-A81D-4798-A65A-7F22AA71CAED}.Ad-Hoc|iPhoneSimulator.Deploy.0 = Release|Any CPU
		{D7C07765-A81D-4798-A65A-7F22AA71CAED}.Ad-Hoc|x64.ActiveCfg = Release|Any CPU
		{D7C07765-A81D-4798-A65A-7F22AA71CAED}.Ad-Hoc|x64.Build.0 = Release|Any CPU
		{D7C07765-A81D-4798-A65A-7F22AA71CAED}.Ad-Hoc|x64.Deploy.0 = Release|Any CPU
		{D7C07765-A81D-4798-A65A-7F22AA71CAED}.Ad-Hoc|x86.ActiveCfg = Release|Any CPU
		{D7C07765-A81D-4798-A65A-7F22AA71CAED}.Ad-Hoc|x86.Build.0 = Release|Any CPU
		{D7C07765-A81D-4798-A65A-7F22AA71CAED}.Ad-Hoc|x86.Deploy.0 = Release|Any CPU
		{D7C07765-A81D-4798-A65A-7F22AA71CAED}.AppStore|Any CPU.ActiveCfg = Release|Any CPU
		{D7C07765-A81D-4798-A65A-7F22AA71CAED}.AppStore|Any CPU.Build.0 = Release|Any CPU
		{D7C07765-A81D-4798-A65A-7F22AA71CAED}.AppStore|Any CPU.Deploy.0 = Release|Any CPU
		{D7C07765-A81D-4798-A65A-7F22AA71CAED}.AppStore|ARM.ActiveCfg = Release|Any CPU
		{D7C07765-A81D-4798-A65A-7F22AA71CAED}.AppStore|ARM.Build.0 = Release|Any CPU
		{D7C07765-A81D-4798-A65A-7F22AA71CAED}.AppStore|ARM.Deploy.0 = Release|Any CPU
		{D7C07765-A81D-4798-A65A-7F22AA71CAED}.AppStore|ARM64.ActiveCfg = Release|Any CPU
		{D7C07765-A81D-4798-A65A-7F22AA71CAED}.AppStore|ARM64.Build.0 = Release|Any CPU
		{D7C07765-A81D-4798-A65A-7F22AA71CAED}.AppStore|ARM64.Deploy.0 = Release|Any CPU
		{D7C07765-A81D-4798-A65A-7F22AA71CAED}.AppStore|iPhone.ActiveCfg = Release|Any CPU
		{D7C07765-A81D-4798-A65A-7F22AA71CAED}.AppStore|iPhone.Build.0 = Release|Any CPU
		{D7C07765-A81D-4798-A65A-7F22AA71CAED}.AppStore|iPhone.Deploy.0 = Release|Any CPU
		{D7C07765-A81D-4798-A65A-7F22AA71CAED}.AppStore|iPhoneSimulator.ActiveCfg = Release|Any CPU
		{D7C07765-A81D-4798-A65A-7F22AA71CAED}.AppStore|iPhoneSimulator.Build.0 = Release|Any CPU
		{D7C07765-A81D-4798-A65A-7F22AA71CAED}.AppStore|iPhoneSimulator.Deploy.0 = Release|Any CPU
		{D7C07765-A81D-4798-A65A-7F22AA71CAED}.AppStore|x64.ActiveCfg = Release|Any CPU
		{D7C07765-A81D-4798-A65A-7F22AA71CAED}.AppStore|x64.Build.0 = Release|Any CPU
		{D7C07765-A81D-4798-A65A-7F22AA71CAED}.AppStore|x64.Deploy.0 = Release|Any CPU
		{D7C07765-A81D-4798-A65A-7F22AA71CAED}.AppStore|x86.ActiveCfg = Release|Any CPU
		{D7C07765-A81D-4798-A65A-7F22AA71CAED}.AppStore|x86.Build.0 = Release|Any CPU
		{D7C07765-A81D-4798-A65A-7F22AA71CAED}.AppStore|x86.Deploy.0 = Release|Any CPU
		{D7C07765-A81D-4798-A65A-7F22AA71CAED}.Debug|Any CPU.ActiveCfg = Debug|Any CPU
		{D7C07765-A81D-4798-A65A-7F22AA71CAED}.Debug|Any CPU.Build.0 = Debug|Any CPU
		{D7C07765-A81D-4798-A65A-7F22AA71CAED}.Debug|Any CPU.Deploy.0 = Debug|Any CPU
		{D7C07765-A81D-4798-A65A-7F22AA71CAED}.Debug|ARM.ActiveCfg = Debug|Any CPU
		{D7C07765-A81D-4798-A65A-7F22AA71CAED}.Debug|ARM.Build.0 = Debug|Any CPU
		{D7C07765-A81D-4798-A65A-7F22AA71CAED}.Debug|ARM.Deploy.0 = Debug|Any CPU
		{D7C07765-A81D-4798-A65A-7F22AA71CAED}.Debug|ARM64.ActiveCfg = Debug|Any CPU
		{D7C07765-A81D-4798-A65A-7F22AA71CAED}.Debug|ARM64.Build.0 = Debug|Any CPU
		{D7C07765-A81D-4798-A65A-7F22AA71CAED}.Debug|ARM64.Deploy.0 = Debug|Any CPU
		{D7C07765-A81D-4798-A65A-7F22AA71CAED}.Debug|iPhone.ActiveCfg = Debug|Any CPU
		{D7C07765-A81D-4798-A65A-7F22AA71CAED}.Debug|iPhone.Build.0 = Debug|Any CPU
		{D7C07765-A81D-4798-A65A-7F22AA71CAED}.Debug|iPhone.Deploy.0 = Debug|Any CPU
		{D7C07765-A81D-4798-A65A-7F22AA71CAED}.Debug|iPhoneSimulator.ActiveCfg = Debug|Any CPU
		{D7C07765-A81D-4798-A65A-7F22AA71CAED}.Debug|iPhoneSimulator.Build.0 = Debug|Any CPU
		{D7C07765-A81D-4798-A65A-7F22AA71CAED}.Debug|iPhoneSimulator.Deploy.0 = Debug|Any CPU
		{D7C07765-A81D-4798-A65A-7F22AA71CAED}.Debug|x64.ActiveCfg = Debug|Any CPU
		{D7C07765-A81D-4798-A65A-7F22AA71CAED}.Debug|x64.Build.0 = Debug|Any CPU
		{D7C07765-A81D-4798-A65A-7F22AA71CAED}.Debug|x64.Deploy.0 = Debug|Any CPU
		{D7C07765-A81D-4798-A65A-7F22AA71CAED}.Debug|x86.ActiveCfg = Debug|Any CPU
		{D7C07765-A81D-4798-A65A-7F22AA71CAED}.Debug|x86.Build.0 = Debug|Any CPU
		{D7C07765-A81D-4798-A65A-7F22AA71CAED}.Debug|x86.Deploy.0 = Debug|Any CPU
		{D7C07765-A81D-4798-A65A-7F22AA71CAED}.Release|Any CPU.ActiveCfg = Release|Any CPU
		{D7C07765-A81D-4798-A65A-7F22AA71CAED}.Release|Any CPU.Build.0 = Release|Any CPU
		{D7C07765-A81D-4798-A65A-7F22AA71CAED}.Release|Any CPU.Deploy.0 = Release|Any CPU
		{D7C07765-A81D-4798-A65A-7F22AA71CAED}.Release|ARM.ActiveCfg = Release|Any CPU
		{D7C07765-A81D-4798-A65A-7F22AA71CAED}.Release|ARM.Build.0 = Release|Any CPU
		{D7C07765-A81D-4798-A65A-7F22AA71CAED}.Release|ARM.Deploy.0 = Release|Any CPU
		{D7C07765-A81D-4798-A65A-7F22AA71CAED}.Release|ARM64.ActiveCfg = Release|Any CPU
		{D7C07765-A81D-4798-A65A-7F22AA71CAED}.Release|ARM64.Build.0 = Release|Any CPU
		{D7C07765-A81D-4798-A65A-7F22AA71CAED}.Release|ARM64.Deploy.0 = Release|Any CPU
		{D7C07765-A81D-4798-A65A-7F22AA71CAED}.Release|iPhone.ActiveCfg = Release|Any CPU
		{D7C07765-A81D-4798-A65A-7F22AA71CAED}.Release|iPhone.Build.0 = Release|Any CPU
		{D7C07765-A81D-4798-A65A-7F22AA71CAED}.Release|iPhone.Deploy.0 = Release|Any CPU
		{D7C07765-A81D-4798-A65A-7F22AA71CAED}.Release|iPhoneSimulator.ActiveCfg = Release|Any CPU
		{D7C07765-A81D-4798-A65A-7F22AA71CAED}.Release|iPhoneSimulator.Build.0 = Release|Any CPU
		{D7C07765-A81D-4798-A65A-7F22AA71CAED}.Release|iPhoneSimulator.Deploy.0 = Release|Any CPU
		{D7C07765-A81D-4798-A65A-7F22AA71CAED}.Release|x64.ActiveCfg = Release|Any CPU
		{D7C07765-A81D-4798-A65A-7F22AA71CAED}.Release|x64.Build.0 = Release|Any CPU
		{D7C07765-A81D-4798-A65A-7F22AA71CAED}.Release|x64.Deploy.0 = Release|Any CPU
		{D7C07765-A81D-4798-A65A-7F22AA71CAED}.Release|x86.ActiveCfg = Release|Any CPU
		{D7C07765-A81D-4798-A65A-7F22AA71CAED}.Release|x86.Build.0 = Release|Any CPU
		{D7C07765-A81D-4798-A65A-7F22AA71CAED}.Release|x86.Deploy.0 = Release|Any CPU
		{E52C3DB5-598B-499E-821D-7869FBCFE12E}.Ad-Hoc|Any CPU.ActiveCfg = Ad-Hoc|iPhone
		{E52C3DB5-598B-499E-821D-7869FBCFE12E}.Ad-Hoc|ARM.ActiveCfg = Ad-Hoc|iPhone
		{E52C3DB5-598B-499E-821D-7869FBCFE12E}.Ad-Hoc|ARM64.ActiveCfg = Ad-Hoc|iPhone
		{E52C3DB5-598B-499E-821D-7869FBCFE12E}.Ad-Hoc|iPhone.ActiveCfg = Ad-Hoc|iPhone
		{E52C3DB5-598B-499E-821D-7869FBCFE12E}.Ad-Hoc|iPhone.Build.0 = Ad-Hoc|iPhone
		{E52C3DB5-598B-499E-821D-7869FBCFE12E}.Ad-Hoc|iPhoneSimulator.ActiveCfg = Ad-Hoc|iPhoneSimulator
		{E52C3DB5-598B-499E-821D-7869FBCFE12E}.Ad-Hoc|iPhoneSimulator.Build.0 = Ad-Hoc|iPhoneSimulator
		{E52C3DB5-598B-499E-821D-7869FBCFE12E}.Ad-Hoc|x64.ActiveCfg = Ad-Hoc|iPhone
		{E52C3DB5-598B-499E-821D-7869FBCFE12E}.Ad-Hoc|x86.ActiveCfg = Ad-Hoc|iPhone
		{E52C3DB5-598B-499E-821D-7869FBCFE12E}.AppStore|Any CPU.ActiveCfg = AppStore|iPhone
		{E52C3DB5-598B-499E-821D-7869FBCFE12E}.AppStore|ARM.ActiveCfg = AppStore|iPhone
		{E52C3DB5-598B-499E-821D-7869FBCFE12E}.AppStore|ARM64.ActiveCfg = AppStore|iPhone
		{E52C3DB5-598B-499E-821D-7869FBCFE12E}.AppStore|iPhone.ActiveCfg = AppStore|iPhone
		{E52C3DB5-598B-499E-821D-7869FBCFE12E}.AppStore|iPhone.Build.0 = AppStore|iPhone
		{E52C3DB5-598B-499E-821D-7869FBCFE12E}.AppStore|iPhoneSimulator.ActiveCfg = AppStore|iPhoneSimulator
		{E52C3DB5-598B-499E-821D-7869FBCFE12E}.AppStore|iPhoneSimulator.Build.0 = AppStore|iPhoneSimulator
		{E52C3DB5-598B-499E-821D-7869FBCFE12E}.AppStore|x64.ActiveCfg = AppStore|iPhone
		{E52C3DB5-598B-499E-821D-7869FBCFE12E}.AppStore|x86.ActiveCfg = AppStore|iPhone
		{E52C3DB5-598B-499E-821D-7869FBCFE12E}.Debug|Any CPU.ActiveCfg = Debug|iPhone
		{E52C3DB5-598B-499E-821D-7869FBCFE12E}.Debug|ARM.ActiveCfg = Debug|iPhone
		{E52C3DB5-598B-499E-821D-7869FBCFE12E}.Debug|ARM64.ActiveCfg = Debug|iPhone
		{E52C3DB5-598B-499E-821D-7869FBCFE12E}.Debug|iPhone.ActiveCfg = Debug|iPhone
		{E52C3DB5-598B-499E-821D-7869FBCFE12E}.Debug|iPhone.Build.0 = Debug|iPhone
		{E52C3DB5-598B-499E-821D-7869FBCFE12E}.Debug|iPhoneSimulator.ActiveCfg = Debug|iPhoneSimulator
		{E52C3DB5-598B-499E-821D-7869FBCFE12E}.Debug|iPhoneSimulator.Build.0 = Debug|iPhoneSimulator
		{E52C3DB5-598B-499E-821D-7869FBCFE12E}.Debug|x64.ActiveCfg = Debug|iPhone
		{E52C3DB5-598B-499E-821D-7869FBCFE12E}.Debug|x86.ActiveCfg = Debug|iPhone
		{E52C3DB5-598B-499E-821D-7869FBCFE12E}.Release|Any CPU.ActiveCfg = Release|iPhone
		{E52C3DB5-598B-499E-821D-7869FBCFE12E}.Release|ARM.ActiveCfg = Release|iPhone
		{E52C3DB5-598B-499E-821D-7869FBCFE12E}.Release|ARM64.ActiveCfg = Release|iPhone
		{E52C3DB5-598B-499E-821D-7869FBCFE12E}.Release|iPhone.ActiveCfg = Release|iPhone
		{E52C3DB5-598B-499E-821D-7869FBCFE12E}.Release|iPhone.Build.0 = Release|iPhone
		{E52C3DB5-598B-499E-821D-7869FBCFE12E}.Release|iPhoneSimulator.ActiveCfg = Release|iPhoneSimulator
		{E52C3DB5-598B-499E-821D-7869FBCFE12E}.Release|iPhoneSimulator.Build.0 = Release|iPhoneSimulator
		{E52C3DB5-598B-499E-821D-7869FBCFE12E}.Release|x64.ActiveCfg = Release|iPhone
		{E52C3DB5-598B-499E-821D-7869FBCFE12E}.Release|x86.ActiveCfg = Release|iPhone
		{EC5CFB44-F43E-427C-A15E-2F1C3C9ADF44}.Ad-Hoc|Any CPU.ActiveCfg = Release|x64
		{EC5CFB44-F43E-427C-A15E-2F1C3C9ADF44}.Ad-Hoc|Any CPU.Build.0 = Release|x64
		{EC5CFB44-F43E-427C-A15E-2F1C3C9ADF44}.Ad-Hoc|Any CPU.Deploy.0 = Release|x64
		{EC5CFB44-F43E-427C-A15E-2F1C3C9ADF44}.Ad-Hoc|ARM.ActiveCfg = Release|ARM
		{EC5CFB44-F43E-427C-A15E-2F1C3C9ADF44}.Ad-Hoc|ARM.Build.0 = Release|ARM
		{EC5CFB44-F43E-427C-A15E-2F1C3C9ADF44}.Ad-Hoc|ARM.Deploy.0 = Release|ARM
		{EC5CFB44-F43E-427C-A15E-2F1C3C9ADF44}.Ad-Hoc|ARM64.ActiveCfg = Release|ARM64
		{EC5CFB44-F43E-427C-A15E-2F1C3C9ADF44}.Ad-Hoc|ARM64.Build.0 = Release|ARM64
		{EC5CFB44-F43E-427C-A15E-2F1C3C9ADF44}.Ad-Hoc|ARM64.Deploy.0 = Release|ARM64
		{EC5CFB44-F43E-427C-A15E-2F1C3C9ADF44}.Ad-Hoc|iPhone.ActiveCfg = Release|x64
		{EC5CFB44-F43E-427C-A15E-2F1C3C9ADF44}.Ad-Hoc|iPhone.Build.0 = Release|x64
		{EC5CFB44-F43E-427C-A15E-2F1C3C9ADF44}.Ad-Hoc|iPhone.Deploy.0 = Release|x64
		{EC5CFB44-F43E-427C-A15E-2F1C3C9ADF44}.Ad-Hoc|iPhoneSimulator.ActiveCfg = Release|x64
		{EC5CFB44-F43E-427C-A15E-2F1C3C9ADF44}.Ad-Hoc|iPhoneSimulator.Build.0 = Release|x64
		{EC5CFB44-F43E-427C-A15E-2F1C3C9ADF44}.Ad-Hoc|iPhoneSimulator.Deploy.0 = Release|x64
		{EC5CFB44-F43E-427C-A15E-2F1C3C9ADF44}.Ad-Hoc|x64.ActiveCfg = Release|x64
		{EC5CFB44-F43E-427C-A15E-2F1C3C9ADF44}.Ad-Hoc|x64.Build.0 = Release|x64
		{EC5CFB44-F43E-427C-A15E-2F1C3C9ADF44}.Ad-Hoc|x64.Deploy.0 = Release|x64
		{EC5CFB44-F43E-427C-A15E-2F1C3C9ADF44}.Ad-Hoc|x86.ActiveCfg = Release|x86
		{EC5CFB44-F43E-427C-A15E-2F1C3C9ADF44}.Ad-Hoc|x86.Build.0 = Release|x86
		{EC5CFB44-F43E-427C-A15E-2F1C3C9ADF44}.Ad-Hoc|x86.Deploy.0 = Release|x86
		{EC5CFB44-F43E-427C-A15E-2F1C3C9ADF44}.AppStore|Any CPU.ActiveCfg = Release|x64
		{EC5CFB44-F43E-427C-A15E-2F1C3C9ADF44}.AppStore|Any CPU.Build.0 = Release|x64
		{EC5CFB44-F43E-427C-A15E-2F1C3C9ADF44}.AppStore|Any CPU.Deploy.0 = Release|x64
		{EC5CFB44-F43E-427C-A15E-2F1C3C9ADF44}.AppStore|ARM.ActiveCfg = Release|ARM
		{EC5CFB44-F43E-427C-A15E-2F1C3C9ADF44}.AppStore|ARM.Build.0 = Release|ARM
		{EC5CFB44-F43E-427C-A15E-2F1C3C9ADF44}.AppStore|ARM.Deploy.0 = Release|ARM
		{EC5CFB44-F43E-427C-A15E-2F1C3C9ADF44}.AppStore|ARM64.ActiveCfg = Release|ARM64
		{EC5CFB44-F43E-427C-A15E-2F1C3C9ADF44}.AppStore|ARM64.Build.0 = Release|ARM64
		{EC5CFB44-F43E-427C-A15E-2F1C3C9ADF44}.AppStore|ARM64.Deploy.0 = Release|ARM64
		{EC5CFB44-F43E-427C-A15E-2F1C3C9ADF44}.AppStore|iPhone.ActiveCfg = Release|x64
		{EC5CFB44-F43E-427C-A15E-2F1C3C9ADF44}.AppStore|iPhone.Build.0 = Release|x64
		{EC5CFB44-F43E-427C-A15E-2F1C3C9ADF44}.AppStore|iPhone.Deploy.0 = Release|x64
		{EC5CFB44-F43E-427C-A15E-2F1C3C9ADF44}.AppStore|iPhoneSimulator.ActiveCfg = Release|x64
		{EC5CFB44-F43E-427C-A15E-2F1C3C9ADF44}.AppStore|iPhoneSimulator.Build.0 = Release|x64
		{EC5CFB44-F43E-427C-A15E-2F1C3C9ADF44}.AppStore|iPhoneSimulator.Deploy.0 = Release|x64
		{EC5CFB44-F43E-427C-A15E-2F1C3C9ADF44}.AppStore|x64.ActiveCfg = Release|x64
		{EC5CFB44-F43E-427C-A15E-2F1C3C9ADF44}.AppStore|x64.Build.0 = Release|x64
		{EC5CFB44-F43E-427C-A15E-2F1C3C9ADF44}.AppStore|x64.Deploy.0 = Release|x64
		{EC5CFB44-F43E-427C-A15E-2F1C3C9ADF44}.AppStore|x86.ActiveCfg = Release|x86
		{EC5CFB44-F43E-427C-A15E-2F1C3C9ADF44}.AppStore|x86.Build.0 = Release|x86
		{EC5CFB44-F43E-427C-A15E-2F1C3C9ADF44}.AppStore|x86.Deploy.0 = Release|x86
		{EC5CFB44-F43E-427C-A15E-2F1C3C9ADF44}.Debug|Any CPU.ActiveCfg = Debug|x86
		{EC5CFB44-F43E-427C-A15E-2F1C3C9ADF44}.Debug|ARM.ActiveCfg = Debug|ARM
		{EC5CFB44-F43E-427C-A15E-2F1C3C9ADF44}.Debug|ARM.Build.0 = Debug|ARM
		{EC5CFB44-F43E-427C-A15E-2F1C3C9ADF44}.Debug|ARM.Deploy.0 = Debug|ARM
		{EC5CFB44-F43E-427C-A15E-2F1C3C9ADF44}.Debug|ARM64.ActiveCfg = Debug|ARM64
		{EC5CFB44-F43E-427C-A15E-2F1C3C9ADF44}.Debug|ARM64.Build.0 = Debug|ARM64
		{EC5CFB44-F43E-427C-A15E-2F1C3C9ADF44}.Debug|ARM64.Deploy.0 = Debug|ARM64
		{EC5CFB44-F43E-427C-A15E-2F1C3C9ADF44}.Debug|iPhone.ActiveCfg = Debug|x86
		{EC5CFB44-F43E-427C-A15E-2F1C3C9ADF44}.Debug|iPhoneSimulator.ActiveCfg = Debug|x86
		{EC5CFB44-F43E-427C-A15E-2F1C3C9ADF44}.Debug|x64.ActiveCfg = Debug|x64
		{EC5CFB44-F43E-427C-A15E-2F1C3C9ADF44}.Debug|x64.Build.0 = Debug|x64
		{EC5CFB44-F43E-427C-A15E-2F1C3C9ADF44}.Debug|x64.Deploy.0 = Debug|x64
		{EC5CFB44-F43E-427C-A15E-2F1C3C9ADF44}.Debug|x86.ActiveCfg = Debug|x86
		{EC5CFB44-F43E-427C-A15E-2F1C3C9ADF44}.Debug|x86.Build.0 = Debug|x86
		{EC5CFB44-F43E-427C-A15E-2F1C3C9ADF44}.Debug|x86.Deploy.0 = Debug|x86
		{EC5CFB44-F43E-427C-A15E-2F1C3C9ADF44}.Release|Any CPU.ActiveCfg = Release|x86
		{EC5CFB44-F43E-427C-A15E-2F1C3C9ADF44}.Release|ARM.ActiveCfg = Release|ARM
		{EC5CFB44-F43E-427C-A15E-2F1C3C9ADF44}.Release|ARM.Build.0 = Release|ARM
		{EC5CFB44-F43E-427C-A15E-2F1C3C9ADF44}.Release|ARM.Deploy.0 = Release|ARM
		{EC5CFB44-F43E-427C-A15E-2F1C3C9ADF44}.Release|ARM64.ActiveCfg = Release|ARM64
		{EC5CFB44-F43E-427C-A15E-2F1C3C9ADF44}.Release|ARM64.Build.0 = Release|ARM64
		{EC5CFB44-F43E-427C-A15E-2F1C3C9ADF44}.Release|ARM64.Deploy.0 = Release|ARM64
		{EC5CFB44-F43E-427C-A15E-2F1C3C9ADF44}.Release|iPhone.ActiveCfg = Release|x86
		{EC5CFB44-F43E-427C-A15E-2F1C3C9ADF44}.Release|iPhoneSimulator.ActiveCfg = Release|x86
		{EC5CFB44-F43E-427C-A15E-2F1C3C9ADF44}.Release|x64.ActiveCfg = Release|x64
		{EC5CFB44-F43E-427C-A15E-2F1C3C9ADF44}.Release|x64.Build.0 = Release|x64
		{EC5CFB44-F43E-427C-A15E-2F1C3C9ADF44}.Release|x64.Deploy.0 = Release|x64
		{EC5CFB44-F43E-427C-A15E-2F1C3C9ADF44}.Release|x86.ActiveCfg = Release|x86
		{EC5CFB44-F43E-427C-A15E-2F1C3C9ADF44}.Release|x86.Build.0 = Release|x86
		{EC5CFB44-F43E-427C-A15E-2F1C3C9ADF44}.Release|x86.Deploy.0 = Release|x86
		{35FF8AB6-B45D-45AD-A827-B8BF786B18CC}.Ad-Hoc|Any CPU.ActiveCfg = Debug|Any CPU
		{35FF8AB6-B45D-45AD-A827-B8BF786B18CC}.Ad-Hoc|Any CPU.Build.0 = Debug|Any CPU
		{35FF8AB6-B45D-45AD-A827-B8BF786B18CC}.Ad-Hoc|ARM.ActiveCfg = Debug|Any CPU
		{35FF8AB6-B45D-45AD-A827-B8BF786B18CC}.Ad-Hoc|ARM.Build.0 = Debug|Any CPU
		{35FF8AB6-B45D-45AD-A827-B8BF786B18CC}.Ad-Hoc|ARM64.ActiveCfg = Debug|Any CPU
		{35FF8AB6-B45D-45AD-A827-B8BF786B18CC}.Ad-Hoc|ARM64.Build.0 = Debug|Any CPU
		{35FF8AB6-B45D-45AD-A827-B8BF786B18CC}.Ad-Hoc|iPhone.ActiveCfg = Debug|Any CPU
		{35FF8AB6-B45D-45AD-A827-B8BF786B18CC}.Ad-Hoc|iPhone.Build.0 = Debug|Any CPU
		{35FF8AB6-B45D-45AD-A827-B8BF786B18CC}.Ad-Hoc|iPhoneSimulator.ActiveCfg = Debug|Any CPU
		{35FF8AB6-B45D-45AD-A827-B8BF786B18CC}.Ad-Hoc|iPhoneSimulator.Build.0 = Debug|Any CPU
		{35FF8AB6-B45D-45AD-A827-B8BF786B18CC}.Ad-Hoc|x64.ActiveCfg = Debug|Any CPU
		{35FF8AB6-B45D-45AD-A827-B8BF786B18CC}.Ad-Hoc|x64.Build.0 = Debug|Any CPU
		{35FF8AB6-B45D-45AD-A827-B8BF786B18CC}.Ad-Hoc|x86.ActiveCfg = Debug|Any CPU
		{35FF8AB6-B45D-45AD-A827-B8BF786B18CC}.Ad-Hoc|x86.Build.0 = Debug|Any CPU
		{35FF8AB6-B45D-45AD-A827-B8BF786B18CC}.AppStore|Any CPU.ActiveCfg = Debug|Any CPU
		{35FF8AB6-B45D-45AD-A827-B8BF786B18CC}.AppStore|Any CPU.Build.0 = Debug|Any CPU
		{35FF8AB6-B45D-45AD-A827-B8BF786B18CC}.AppStore|ARM.ActiveCfg = Debug|Any CPU
		{35FF8AB6-B45D-45AD-A827-B8BF786B18CC}.AppStore|ARM.Build.0 = Debug|Any CPU
		{35FF8AB6-B45D-45AD-A827-B8BF786B18CC}.AppStore|ARM64.ActiveCfg = Debug|Any CPU
		{35FF8AB6-B45D-45AD-A827-B8BF786B18CC}.AppStore|ARM64.Build.0 = Debug|Any CPU
		{35FF8AB6-B45D-45AD-A827-B8BF786B18CC}.AppStore|iPhone.ActiveCfg = Debug|Any CPU
		{35FF8AB6-B45D-45AD-A827-B8BF786B18CC}.AppStore|iPhone.Build.0 = Debug|Any CPU
		{35FF8AB6-B45D-45AD-A827-B8BF786B18CC}.AppStore|iPhoneSimulator.ActiveCfg = Debug|Any CPU
		{35FF8AB6-B45D-45AD-A827-B8BF786B18CC}.AppStore|iPhoneSimulator.Build.0 = Debug|Any CPU
		{35FF8AB6-B45D-45AD-A827-B8BF786B18CC}.AppStore|x64.ActiveCfg = Debug|Any CPU
		{35FF8AB6-B45D-45AD-A827-B8BF786B18CC}.AppStore|x64.Build.0 = Debug|Any CPU
		{35FF8AB6-B45D-45AD-A827-B8BF786B18CC}.AppStore|x86.ActiveCfg = Debug|Any CPU
		{35FF8AB6-B45D-45AD-A827-B8BF786B18CC}.AppStore|x86.Build.0 = Debug|Any CPU
		{35FF8AB6-B45D-45AD-A827-B8BF786B18CC}.Debug|Any CPU.ActiveCfg = Debug|Any CPU
		{35FF8AB6-B45D-45AD-A827-B8BF786B18CC}.Debug|Any CPU.Build.0 = Debug|Any CPU
		{35FF8AB6-B45D-45AD-A827-B8BF786B18CC}.Debug|ARM.ActiveCfg = Debug|Any CPU
		{35FF8AB6-B45D-45AD-A827-B8BF786B18CC}.Debug|ARM.Build.0 = Debug|Any CPU
		{35FF8AB6-B45D-45AD-A827-B8BF786B18CC}.Debug|ARM64.ActiveCfg = Debug|Any CPU
		{35FF8AB6-B45D-45AD-A827-B8BF786B18CC}.Debug|ARM64.Build.0 = Debug|Any CPU
		{35FF8AB6-B45D-45AD-A827-B8BF786B18CC}.Debug|iPhone.ActiveCfg = Debug|Any CPU
		{35FF8AB6-B45D-45AD-A827-B8BF786B18CC}.Debug|iPhone.Build.0 = Debug|Any CPU
		{35FF8AB6-B45D-45AD-A827-B8BF786B18CC}.Debug|iPhoneSimulator.ActiveCfg = Debug|Any CPU
		{35FF8AB6-B45D-45AD-A827-B8BF786B18CC}.Debug|iPhoneSimulator.Build.0 = Debug|Any CPU
		{35FF8AB6-B45D-45AD-A827-B8BF786B18CC}.Debug|x64.ActiveCfg = Debug|Any CPU
		{35FF8AB6-B45D-45AD-A827-B8BF786B18CC}.Debug|x64.Build.0 = Debug|Any CPU
		{35FF8AB6-B45D-45AD-A827-B8BF786B18CC}.Debug|x86.ActiveCfg = Debug|Any CPU
		{35FF8AB6-B45D-45AD-A827-B8BF786B18CC}.Debug|x86.Build.0 = Debug|Any CPU
		{35FF8AB6-B45D-45AD-A827-B8BF786B18CC}.Release|Any CPU.ActiveCfg = Release|Any CPU
		{35FF8AB6-B45D-45AD-A827-B8BF786B18CC}.Release|Any CPU.Build.0 = Release|Any CPU
		{35FF8AB6-B45D-45AD-A827-B8BF786B18CC}.Release|ARM.ActiveCfg = Release|Any CPU
		{35FF8AB6-B45D-45AD-A827-B8BF786B18CC}.Release|ARM.Build.0 = Release|Any CPU
		{35FF8AB6-B45D-45AD-A827-B8BF786B18CC}.Release|ARM64.ActiveCfg = Release|Any CPU
		{35FF8AB6-B45D-45AD-A827-B8BF786B18CC}.Release|ARM64.Build.0 = Release|Any CPU
		{35FF8AB6-B45D-45AD-A827-B8BF786B18CC}.Release|iPhone.ActiveCfg = Release|Any CPU
		{35FF8AB6-B45D-45AD-A827-B8BF786B18CC}.Release|iPhone.Build.0 = Release|Any CPU
		{35FF8AB6-B45D-45AD-A827-B8BF786B18CC}.Release|iPhoneSimulator.ActiveCfg = Release|Any CPU
		{35FF8AB6-B45D-45AD-A827-B8BF786B18CC}.Release|iPhoneSimulator.Build.0 = Release|Any CPU
		{35FF8AB6-B45D-45AD-A827-B8BF786B18CC}.Release|x64.ActiveCfg = Release|Any CPU
		{35FF8AB6-B45D-45AD-A827-B8BF786B18CC}.Release|x64.Build.0 = Release|Any CPU
		{35FF8AB6-B45D-45AD-A827-B8BF786B18CC}.Release|x86.ActiveCfg = Release|Any CPU
		{35FF8AB6-B45D-45AD-A827-B8BF786B18CC}.Release|x86.Build.0 = Release|Any CPU
		{817E3E5C-9531-40DD-BD85-635B9C4A611A}.Ad-Hoc|Any CPU.ActiveCfg = Release|iPhoneSimulator
		{817E3E5C-9531-40DD-BD85-635B9C4A611A}.Ad-Hoc|Any CPU.Build.0 = Release|iPhoneSimulator
		{817E3E5C-9531-40DD-BD85-635B9C4A611A}.Ad-Hoc|ARM.ActiveCfg = Release|iPhoneSimulator
		{817E3E5C-9531-40DD-BD85-635B9C4A611A}.Ad-Hoc|ARM.Build.0 = Release|iPhoneSimulator
		{817E3E5C-9531-40DD-BD85-635B9C4A611A}.Ad-Hoc|ARM64.ActiveCfg = Release|iPhoneSimulator
		{817E3E5C-9531-40DD-BD85-635B9C4A611A}.Ad-Hoc|ARM64.Build.0 = Release|iPhoneSimulator
		{817E3E5C-9531-40DD-BD85-635B9C4A611A}.Ad-Hoc|iPhone.ActiveCfg = Release|iPhoneSimulator
		{817E3E5C-9531-40DD-BD85-635B9C4A611A}.Ad-Hoc|iPhone.Build.0 = Release|iPhoneSimulator
		{817E3E5C-9531-40DD-BD85-635B9C4A611A}.Ad-Hoc|iPhoneSimulator.ActiveCfg = Release|iPhoneSimulator
		{817E3E5C-9531-40DD-BD85-635B9C4A611A}.Ad-Hoc|iPhoneSimulator.Build.0 = Release|iPhoneSimulator
		{817E3E5C-9531-40DD-BD85-635B9C4A611A}.Ad-Hoc|x64.ActiveCfg = Release|iPhoneSimulator
		{817E3E5C-9531-40DD-BD85-635B9C4A611A}.Ad-Hoc|x64.Build.0 = Release|iPhoneSimulator
		{817E3E5C-9531-40DD-BD85-635B9C4A611A}.Ad-Hoc|x86.ActiveCfg = Release|iPhoneSimulator
		{817E3E5C-9531-40DD-BD85-635B9C4A611A}.Ad-Hoc|x86.Build.0 = Release|iPhoneSimulator
		{817E3E5C-9531-40DD-BD85-635B9C4A611A}.AppStore|Any CPU.ActiveCfg = Release|iPhoneSimulator
		{817E3E5C-9531-40DD-BD85-635B9C4A611A}.AppStore|Any CPU.Build.0 = Release|iPhoneSimulator
		{817E3E5C-9531-40DD-BD85-635B9C4A611A}.AppStore|ARM.ActiveCfg = Release|iPhoneSimulator
		{817E3E5C-9531-40DD-BD85-635B9C4A611A}.AppStore|ARM.Build.0 = Release|iPhoneSimulator
		{817E3E5C-9531-40DD-BD85-635B9C4A611A}.AppStore|ARM64.ActiveCfg = Release|iPhoneSimulator
		{817E3E5C-9531-40DD-BD85-635B9C4A611A}.AppStore|ARM64.Build.0 = Release|iPhoneSimulator
		{817E3E5C-9531-40DD-BD85-635B9C4A611A}.AppStore|iPhone.ActiveCfg = Release|iPhoneSimulator
		{817E3E5C-9531-40DD-BD85-635B9C4A611A}.AppStore|iPhone.Build.0 = Release|iPhoneSimulator
		{817E3E5C-9531-40DD-BD85-635B9C4A611A}.AppStore|iPhoneSimulator.ActiveCfg = Release|iPhoneSimulator
		{817E3E5C-9531-40DD-BD85-635B9C4A611A}.AppStore|iPhoneSimulator.Build.0 = Release|iPhoneSimulator
		{817E3E5C-9531-40DD-BD85-635B9C4A611A}.AppStore|x64.ActiveCfg = Release|iPhoneSimulator
		{817E3E5C-9531-40DD-BD85-635B9C4A611A}.AppStore|x64.Build.0 = Release|iPhoneSimulator
		{817E3E5C-9531-40DD-BD85-635B9C4A611A}.AppStore|x86.ActiveCfg = Release|iPhoneSimulator
		{817E3E5C-9531-40DD-BD85-635B9C4A611A}.AppStore|x86.Build.0 = Release|iPhoneSimulator
		{817E3E5C-9531-40DD-BD85-635B9C4A611A}.Debug|Any CPU.ActiveCfg = Debug|iPhoneSimulator
		{817E3E5C-9531-40DD-BD85-635B9C4A611A}.Debug|ARM.ActiveCfg = Debug|iPhoneSimulator
		{817E3E5C-9531-40DD-BD85-635B9C4A611A}.Debug|ARM64.ActiveCfg = Debug|iPhoneSimulator
		{817E3E5C-9531-40DD-BD85-635B9C4A611A}.Debug|iPhone.ActiveCfg = Debug|iPhoneSimulator
		{817E3E5C-9531-40DD-BD85-635B9C4A611A}.Debug|iPhoneSimulator.ActiveCfg = Debug|iPhoneSimulator
		{817E3E5C-9531-40DD-BD85-635B9C4A611A}.Debug|iPhoneSimulator.Build.0 = Debug|iPhoneSimulator
		{817E3E5C-9531-40DD-BD85-635B9C4A611A}.Debug|x64.ActiveCfg = Debug|iPhoneSimulator
		{817E3E5C-9531-40DD-BD85-635B9C4A611A}.Debug|x86.ActiveCfg = Debug|iPhoneSimulator
		{817E3E5C-9531-40DD-BD85-635B9C4A611A}.Release|Any CPU.ActiveCfg = Release|iPhoneSimulator
		{817E3E5C-9531-40DD-BD85-635B9C4A611A}.Release|ARM.ActiveCfg = Release|iPhoneSimulator
		{817E3E5C-9531-40DD-BD85-635B9C4A611A}.Release|ARM64.ActiveCfg = Release|iPhoneSimulator
		{817E3E5C-9531-40DD-BD85-635B9C4A611A}.Release|iPhone.ActiveCfg = Release|iPhoneSimulator
		{817E3E5C-9531-40DD-BD85-635B9C4A611A}.Release|iPhoneSimulator.ActiveCfg = Release|iPhoneSimulator
		{817E3E5C-9531-40DD-BD85-635B9C4A611A}.Release|iPhoneSimulator.Build.0 = Release|iPhoneSimulator
		{817E3E5C-9531-40DD-BD85-635B9C4A611A}.Release|x64.ActiveCfg = Release|iPhoneSimulator
		{817E3E5C-9531-40DD-BD85-635B9C4A611A}.Release|x86.ActiveCfg = Release|iPhoneSimulator
	EndGlobalSection
	GlobalSection(SolutionProperties) = preSolution
		HideSolutionNode = FALSE
	EndGlobalSection
	GlobalSection(ExtensibilityGlobals) = postSolution
		SolutionGuid = {AB4F3D9E-5789-4BAD-B009-DB620A800500}
	EndGlobalSection
EndGlobal
